
Microsoft Visual Studio Solution File, Format Version 12.00
# Visual Studio Version 16
VisualStudioVersion = 16.0.29613.14
MinimumVisualStudioVersion = 10.0.40219.1
Project("{FAE04EC0-301F-11D3-BF4B-00C04F79EFBC}") = "SalesTaxDeveloperTest", "SalesTaxDeveloperTest.csproj", "{C221A639-DE91-4A0E-B4A1-624B26856095}"
EndProject
Project("{FAE04EC0-301F-11D3-BF4B-00C04F79EFBC}") = "SalesTaxDeveloperTests", "..\SalesTaxDeveloperTests\SalesTaxDeveloperTests.csproj", "{13258D2B-91E2-4899-A6E7-6AC64440220B}"
EndProject
Global
	GlobalSection(SolutionConfigurationPlatforms) = preSolution
		Debug|Any CPU = Debug|Any CPU
		Release|Any CPU = Release|Any CPU
	EndGlobalSection
	GlobalSection(ProjectConfigurationPlatforms) = postSolution
		{C221A639-DE91-4A0E-B4A1-624B26856095}.Debug|Any CPU.ActiveCfg = Debug|Any CPU
		{C221A639-DE91-4A0E-B4A1-624B26856095}.Debug|Any CPU.Build.0 = Debug|Any CPU
		{C221A639-DE91-4A0E-B4A1-624B26856095}.Release|Any CPU.ActiveCfg = Release|Any CPU
		{C221A639-DE91-4A0E-B4A1-624B26856095}.Release|Any CPU.Build.0 = Release|Any CPU
		{13258D2B-91E2-4899-A6E7-6AC64440220B}.Debug|Any CPU.ActiveCfg = Debug|Any CPU
		{13258D2B-91E2-4899-A6E7-6AC64440220B}.Debug|Any CPU.Build.0 = Debug|Any CPU
		{13258D2B-91E2-4899-A6E7-6AC64440220B}.Release|Any CPU.ActiveCfg = Release|Any CPU
		{13258D2B-91E2-4899-A6E7-6AC64440220B}.Release|Any CPU.Build.0 = Release|Any CPU
	EndGlobalSection
	GlobalSection(SolutionProperties) = preSolution
		HideSolutionNode = FALSE
	EndGlobalSection
	GlobalSection(ExtensibilityGlobals) = postSolution
		SolutionGuid = {58F4130A-59E8-456F-8D10-3CB116D3CB5B}
	EndGlobalSection
EndGlobal
